// !$*UTF8*$!
{
	archiveVersion = 1;
	classes = {
	};
	objectVersion = 50;
	objects = {

/* Begin PBXBuildFile section */
		3019A092251F21B2003351C7 /* SurveysFeature.framework in Frameworks */ = {isa = PBXBuildFile; fileRef = 3019A088251F21B2003351C7 /* SurveysFeature.framework */; };
		3019A0A3251F249D003351C7 /* SurveyItem.swift in Sources */ = {isa = PBXBuildFile; fileRef = 3019A0A2251F249D003351C7 /* SurveyItem.swift */; };
		3019A0A5251F269E003351C7 /* SurveyLoader.swift in Sources */ = {isa = PBXBuildFile; fileRef = 3019A0A4251F269E003351C7 /* SurveyLoader.swift */; };
		3019A0AB251F2988003351C7 /* LoadSurveysFromRemoteUseCaseTests.swift in Sources */ = {isa = PBXBuildFile; fileRef = 3019A0AA251F2988003351C7 /* LoadSurveysFromRemoteUseCaseTests.swift */; };
		3019A0AE251F39C0003351C7 /* RemoteSurveyLoader.swift in Sources */ = {isa = PBXBuildFile; fileRef = 3019A0AD251F39C0003351C7 /* RemoteSurveyLoader.swift */; };
		3019A0B0251F39D4003351C7 /* HTTPClient.swift in Sources */ = {isa = PBXBuildFile; fileRef = 3019A0AF251F39D4003351C7 /* HTTPClient.swift */; };
		3035D5B8252358110033E2B5 /* LocalSurveysLoader.swift in Sources */ = {isa = PBXBuildFile; fileRef = 3035D5B7252358110033E2B5 /* LocalSurveysLoader.swift */; };
		3035D5BA2523588E0033E2B5 /* SurveysStore.swift in Sources */ = {isa = PBXBuildFile; fileRef = 3035D5B92523588E0033E2B5 /* SurveysStore.swift */; };
		305A4CED2522BBB60061FD61 /* CacheSurveysUseCaseTests.swift in Sources */ = {isa = PBXBuildFile; fileRef = 305A4CEC2522BBB60061FD61 /* CacheSurveysUseCaseTests.swift */; };
		307EDF4F25202DA200F9D788 /* RemoteSurveyMapper.swift in Sources */ = {isa = PBXBuildFile; fileRef = 307EDF4E25202DA200F9D788 /* RemoteSurveyMapper.swift */; };
		307EDF55252079F600F9D788 /* URLSessionHTTPClientTests.swift in Sources */ = {isa = PBXBuildFile; fileRef = 307EDF54252079F600F9D788 /* URLSessionHTTPClientTests.swift */; };
		307EDF58252153E800F9D788 /* XCTestcase+MemoryLeakTracking.swift in Sources */ = {isa = PBXBuildFile; fileRef = 307EDF57252153E800F9D788 /* XCTestcase+MemoryLeakTracking.swift */; };
		307EDF5A2521687300F9D788 /* URLSessionHTTPClient.swift in Sources */ = {isa = PBXBuildFile; fileRef = 307EDF592521687200F9D788 /* URLSessionHTTPClient.swift */; };
		307EDF622522249500F9D788 /* Surveys_FeatureAPIEndToEndTests.swift in Sources */ = {isa = PBXBuildFile; fileRef = 307EDF612522249500F9D788 /* Surveys_FeatureAPIEndToEndTests.swift */; };
		307EDF642522249500F9D788 /* SurveysFeature.framework in Frameworks */ = {isa = PBXBuildFile; fileRef = 3019A088251F21B2003351C7 /* SurveysFeature.framework */; };
		307EDF6A2522315000F9D788 /* XCTestcase+MemoryLeakTracking.swift in Sources */ = {isa = PBXBuildFile; fileRef = 307EDF57252153E800F9D788 /* XCTestcase+MemoryLeakTracking.swift */; };
/* End PBXBuildFile section */

/* Begin PBXContainerItemProxy section */
		3019A093251F21B2003351C7 /* PBXContainerItemProxy */ = {
			isa = PBXContainerItemProxy;
			containerPortal = 3019A07F251F21B2003351C7 /* Project object */;
			proxyType = 1;
			remoteGlobalIDString = 3019A087251F21B2003351C7;
			remoteInfo = "Surveys Feature";
		};
		307EDF652522249500F9D788 /* PBXContainerItemProxy */ = {
			isa = PBXContainerItemProxy;
			containerPortal = 3019A07F251F21B2003351C7 /* Project object */;
			proxyType = 1;
			remoteGlobalIDString = 3019A087251F21B2003351C7;
			remoteInfo = "Surveys Feature";
		};
/* End PBXContainerItemProxy section */

/* Begin PBXFileReference section */
		3019A088251F21B2003351C7 /* SurveysFeature.framework */ = {isa = PBXFileReference; explicitFileType = wrapper.framework; includeInIndex = 0; path = SurveysFeature.framework; sourceTree = BUILT_PRODUCTS_DIR; };
		3019A08C251F21B2003351C7 /* Info.plist */ = {isa = PBXFileReference; lastKnownFileType = text.plist.xml; path = Info.plist; sourceTree = "<group>"; };
		3019A091251F21B2003351C7 /* SurveysFeatureTests.xctest */ = {isa = PBXFileReference; explicitFileType = wrapper.cfbundle; includeInIndex = 0; path = SurveysFeatureTests.xctest; sourceTree = BUILT_PRODUCTS_DIR; };
		3019A098251F21B2003351C7 /* Info.plist */ = {isa = PBXFileReference; lastKnownFileType = text.plist.xml; path = Info.plist; sourceTree = "<group>"; };
		3019A0A2251F249D003351C7 /* SurveyItem.swift */ = {isa = PBXFileReference; lastKnownFileType = sourcecode.swift; path = SurveyItem.swift; sourceTree = "<group>"; };
		3019A0A4251F269E003351C7 /* SurveyLoader.swift */ = {isa = PBXFileReference; lastKnownFileType = sourcecode.swift; path = SurveyLoader.swift; sourceTree = "<group>"; };
		3019A0AA251F2988003351C7 /* LoadSurveysFromRemoteUseCaseTests.swift */ = {isa = PBXFileReference; lastKnownFileType = sourcecode.swift; path = LoadSurveysFromRemoteUseCaseTests.swift; sourceTree = "<group>"; };
		3019A0AC251F2ADA003351C7 /* Surveys FeatureTests-Bridging-Header.h */ = {isa = PBXFileReference; fileEncoding = 4; lastKnownFileType = sourcecode.c.h; path = "Surveys FeatureTests-Bridging-Header.h"; sourceTree = "<group>"; };
		3019A0AD251F39C0003351C7 /* RemoteSurveyLoader.swift */ = {isa = PBXFileReference; lastKnownFileType = sourcecode.swift; path = RemoteSurveyLoader.swift; sourceTree = "<group>"; };
		3019A0AF251F39D4003351C7 /* HTTPClient.swift */ = {isa = PBXFileReference; lastKnownFileType = sourcecode.swift; path = HTTPClient.swift; sourceTree = "<group>"; };
		3035D5B7252358110033E2B5 /* LocalSurveysLoader.swift */ = {isa = PBXFileReference; lastKnownFileType = sourcecode.swift; path = LocalSurveysLoader.swift; sourceTree = "<group>"; };
		3035D5B92523588E0033E2B5 /* SurveysStore.swift */ = {isa = PBXFileReference; lastKnownFileType = sourcecode.swift; path = SurveysStore.swift; sourceTree = "<group>"; };
		305A4CEC2522BBB60061FD61 /* CacheSurveysUseCaseTests.swift */ = {isa = PBXFileReference; lastKnownFileType = sourcecode.swift; path = CacheSurveysUseCaseTests.swift; sourceTree = "<group>"; };
		307EDF4E25202DA200F9D788 /* RemoteSurveyMapper.swift */ = {isa = PBXFileReference; lastKnownFileType = sourcecode.swift; path = RemoteSurveyMapper.swift; sourceTree = "<group>"; };
		307EDF54252079F600F9D788 /* URLSessionHTTPClientTests.swift */ = {isa = PBXFileReference; lastKnownFileType = sourcecode.swift; path = URLSessionHTTPClientTests.swift; sourceTree = "<group>"; };
		307EDF57252153E800F9D788 /* XCTestcase+MemoryLeakTracking.swift */ = {isa = PBXFileReference; lastKnownFileType = sourcecode.swift; path = "XCTestcase+MemoryLeakTracking.swift"; sourceTree = "<group>"; };
		307EDF592521687200F9D788 /* URLSessionHTTPClient.swift */ = {isa = PBXFileReference; lastKnownFileType = sourcecode.swift; path = URLSessionHTTPClient.swift; sourceTree = "<group>"; };
		307EDF5F2522249500F9D788 /* Surveys_FeatureAPIEndToEndTests.xctest */ = {isa = PBXFileReference; explicitFileType = wrapper.cfbundle; includeInIndex = 0; path = Surveys_FeatureAPIEndToEndTests.xctest; sourceTree = BUILT_PRODUCTS_DIR; };
		307EDF612522249500F9D788 /* Surveys_FeatureAPIEndToEndTests.swift */ = {isa = PBXFileReference; lastKnownFileType = sourcecode.swift; path = Surveys_FeatureAPIEndToEndTests.swift; sourceTree = "<group>"; };
		307EDF632522249500F9D788 /* Info.plist */ = {isa = PBXFileReference; lastKnownFileType = text.plist.xml; path = Info.plist; sourceTree = "<group>"; };
/* End PBXFileReference section */

/* Begin PBXFrameworksBuildPhase section */
		3019A085251F21B2003351C7 /* Frameworks */ = {
			isa = PBXFrameworksBuildPhase;
			buildActionMask = 2147483647;
			files = (
			);
			runOnlyForDeploymentPostprocessing = 0;
		};
		3019A08E251F21B2003351C7 /* Frameworks */ = {
			isa = PBXFrameworksBuildPhase;
			buildActionMask = 2147483647;
			files = (
				3019A092251F21B2003351C7 /* SurveysFeature.framework in Frameworks */,
			);
			runOnlyForDeploymentPostprocessing = 0;
		};
		307EDF5C2522249500F9D788 /* Frameworks */ = {
			isa = PBXFrameworksBuildPhase;
			buildActionMask = 2147483647;
			files = (
				307EDF642522249500F9D788 /* SurveysFeature.framework in Frameworks */,
			);
			runOnlyForDeploymentPostprocessing = 0;
		};
/* End PBXFrameworksBuildPhase section */

/* Begin PBXGroup section */
		3019A07E251F21B2003351C7 = {
			isa = PBXGroup;
			children = (
				3019A08A251F21B2003351C7 /* Surveys Feature */,
				3019A095251F21B2003351C7 /* Surveys FeatureTests */,
				307EDF602522249500F9D788 /* Surveys_FeatureAPIEndToEndTests */,
				3019A089251F21B2003351C7 /* Products */,
			);
			sourceTree = "<group>";
		};
		3019A089251F21B2003351C7 /* Products */ = {
			isa = PBXGroup;
			children = (
				3019A088251F21B2003351C7 /* SurveysFeature.framework */,
				3019A091251F21B2003351C7 /* SurveysFeatureTests.xctest */,
				307EDF5F2522249500F9D788 /* Surveys_FeatureAPIEndToEndTests.xctest */,
			);
			name = Products;
			sourceTree = "<group>";
		};
		3019A08A251F21B2003351C7 /* Surveys Feature */ = {
			isa = PBXGroup;
			children = (
				3035D5B6252357DF0033E2B5 /* Survey Database */,
				307EDF5025203D2000F9D788 /* Survey Network */,
				3019A08C251F21B2003351C7 /* Info.plist */,
				3019A0A6251F28D4003351C7 /* Survey Feature */,
			);
			path = "Surveys Feature";
			sourceTree = "<group>";
		};
		3019A095251F21B2003351C7 /* Surveys FeatureTests */ = {
			isa = PBXGroup;
			children = (
				307EDF56252153BC00F9D788 /* Helpers */,
				305A4CEB2522BB250061FD61 /* Survey Database */,
				307EDF5125203D4200F9D788 /* Survey Network */,
				3019A098251F21B2003351C7 /* Info.plist */,
				3019A0AC251F2ADA003351C7 /* Surveys FeatureTests-Bridging-Header.h */,
			);
			path = "Surveys FeatureTests";
			sourceTree = "<group>";
		};
		3019A0A6251F28D4003351C7 /* Survey Feature */ = {
			isa = PBXGroup;
			children = (
				3019A0A2251F249D003351C7 /* SurveyItem.swift */,
				3019A0A4251F269E003351C7 /* SurveyLoader.swift */,
			);
			path = "Survey Feature";
			sourceTree = "<group>";
		};
		3035D5B6252357DF0033E2B5 /* Survey Database */ = {
			isa = PBXGroup;
			children = (
				3035D5B7252358110033E2B5 /* LocalSurveysLoader.swift */,
				3035D5B92523588E0033E2B5 /* SurveysStore.swift */,
			);
			path = "Survey Database";
			sourceTree = "<group>";
		};
		305A4CEB2522BB250061FD61 /* Survey Database */ = {
			isa = PBXGroup;
			children = (
				305A4CEC2522BBB60061FD61 /* CacheSurveysUseCaseTests.swift */,
			);
			path = "Survey Database";
			sourceTree = "<group>";
		};
		307EDF5025203D2000F9D788 /* Survey Network */ = {
			isa = PBXGroup;
			children = (
				3019A0AD251F39C0003351C7 /* RemoteSurveyLoader.swift */,
				3019A0AF251F39D4003351C7 /* HTTPClient.swift */,
				307EDF4E25202DA200F9D788 /* RemoteSurveyMapper.swift */,
				307EDF592521687200F9D788 /* URLSessionHTTPClient.swift */,
			);
			path = "Survey Network";
			sourceTree = "<group>";
		};
		307EDF5125203D4200F9D788 /* Survey Network */ = {
			isa = PBXGroup;
			children = (
				3019A0AA251F2988003351C7 /* LoadSurveysFromRemoteUseCaseTests.swift */,
				307EDF54252079F600F9D788 /* URLSessionHTTPClientTests.swift */,
			);
			path = "Survey Network";
			sourceTree = "<group>";
		};
		307EDF56252153BC00F9D788 /* Helpers */ = {
			isa = PBXGroup;
			children = (
				307EDF57252153E800F9D788 /* XCTestcase+MemoryLeakTracking.swift */,
			);
			path = Helpers;
			sourceTree = "<group>";
		};
		307EDF602522249500F9D788 /* Surveys_FeatureAPIEndToEndTests */ = {
			isa = PBXGroup;
			children = (
				307EDF612522249500F9D788 /* Surveys_FeatureAPIEndToEndTests.swift */,
				307EDF632522249500F9D788 /* Info.plist */,
			);
			path = Surveys_FeatureAPIEndToEndTests;
			sourceTree = "<group>";
		};
/* End PBXGroup section */

/* Begin PBXHeadersBuildPhase section */
		3019A083251F21B2003351C7 /* Headers */ = {
			isa = PBXHeadersBuildPhase;
			buildActionMask = 2147483647;
			files = (
			);
			runOnlyForDeploymentPostprocessing = 0;
		};
/* End PBXHeadersBuildPhase section */

/* Begin PBXNativeTarget section */
		3019A087251F21B2003351C7 /* SurveysFeature */ = {
			isa = PBXNativeTarget;
			buildConfigurationList = 3019A09C251F21B2003351C7 /* Build configuration list for PBXNativeTarget "SurveysFeature" */;
			buildPhases = (
				3019A083251F21B2003351C7 /* Headers */,
				3019A084251F21B2003351C7 /* Sources */,
				3019A085251F21B2003351C7 /* Frameworks */,
				3019A086251F21B2003351C7 /* Resources */,
			);
			buildRules = (
			);
			dependencies = (
			);
			name = SurveysFeature;
			productName = "Surveys Feature";
			productReference = 3019A088251F21B2003351C7 /* SurveysFeature.framework */;
			productType = "com.apple.product-type.framework";
		};
		3019A090251F21B2003351C7 /* SurveysFeatureTests */ = {
			isa = PBXNativeTarget;
			buildConfigurationList = 3019A09F251F21B2003351C7 /* Build configuration list for PBXNativeTarget "SurveysFeatureTests" */;
			buildPhases = (
				3019A08D251F21B2003351C7 /* Sources */,
				3019A08E251F21B2003351C7 /* Frameworks */,
				3019A08F251F21B2003351C7 /* Resources */,
			);
			buildRules = (
			);
			dependencies = (
				3019A094251F21B2003351C7 /* PBXTargetDependency */,
			);
			name = SurveysFeatureTests;
			productName = "Surveys FeatureTests";
			productReference = 3019A091251F21B2003351C7 /* SurveysFeatureTests.xctest */;
			productType = "com.apple.product-type.bundle.unit-test";
		};
		307EDF5E2522249500F9D788 /* Surveys_FeatureAPIEndToEndTests */ = {
			isa = PBXNativeTarget;
			buildConfigurationList = 307EDF692522249500F9D788 /* Build configuration list for PBXNativeTarget "Surveys_FeatureAPIEndToEndTests" */;
			buildPhases = (
				307EDF5B2522249500F9D788 /* Sources */,
				307EDF5C2522249500F9D788 /* Frameworks */,
				307EDF5D2522249500F9D788 /* Resources */,
			);
			buildRules = (
			);
			dependencies = (
				307EDF662522249500F9D788 /* PBXTargetDependency */,
			);
			name = Surveys_FeatureAPIEndToEndTests;
			productName = Surveys_FeatureAPIEndToEndTests;
			productReference = 307EDF5F2522249500F9D788 /* Surveys_FeatureAPIEndToEndTests.xctest */;
			productType = "com.apple.product-type.bundle.unit-test";
		};
/* End PBXNativeTarget section */

/* Begin PBXProject section */
		3019A07F251F21B2003351C7 /* Project object */ = {
			isa = PBXProject;
			attributes = {
				LastSwiftUpdateCheck = 1150;
				LastUpgradeCheck = 1150;
				ORGANIZATIONNAME = "Duy Bui";
				TargetAttributes = {
					3019A087251F21B2003351C7 = {
						CreatedOnToolsVersion = 11.5;
						LastSwiftMigration = 1150;
					};
					3019A090251F21B2003351C7 = {
						CreatedOnToolsVersion = 11.5;
						LastSwiftMigration = 1150;
					};
					307EDF5E2522249500F9D788 = {
						CreatedOnToolsVersion = 11.5;
					};
				};
			};
			buildConfigurationList = 3019A082251F21B2003351C7 /* Build configuration list for PBXProject "SurveysFeature" */;
			compatibilityVersion = "Xcode 9.3";
			developmentRegion = en;
			hasScannedForEncodings = 0;
			knownRegions = (
				en,
				Base,
			);
			mainGroup = 3019A07E251F21B2003351C7;
			productRefGroup = 3019A089251F21B2003351C7 /* Products */;
			projectDirPath = "";
			projectRoot = "";
			targets = (
				3019A087251F21B2003351C7 /* SurveysFeature */,
				3019A090251F21B2003351C7 /* SurveysFeatureTests */,
				307EDF5E2522249500F9D788 /* Surveys_FeatureAPIEndToEndTests */,
			);
		};
/* End PBXProject section */

/* Begin PBXResourcesBuildPhase section */
		3019A086251F21B2003351C7 /* Resources */ = {
			isa = PBXResourcesBuildPhase;
			buildActionMask = 2147483647;
			files = (
			);
			runOnlyForDeploymentPostprocessing = 0;
		};
		3019A08F251F21B2003351C7 /* Resources */ = {
			isa = PBXResourcesBuildPhase;
			buildActionMask = 2147483647;
			files = (
			);
			runOnlyForDeploymentPostprocessing = 0;
		};
		307EDF5D2522249500F9D788 /* Resources */ = {
			isa = PBXResourcesBuildPhase;
			buildActionMask = 2147483647;
			files = (
			);
			runOnlyForDeploymentPostprocessing = 0;
		};
/* End PBXResourcesBuildPhase section */

/* Begin PBXSourcesBuildPhase section */
		3019A084251F21B2003351C7 /* Sources */ = {
			isa = PBXSourcesBuildPhase;
			buildActionMask = 2147483647;
			files = (
				3019A0A5251F269E003351C7 /* SurveyLoader.swift in Sources */,
				3019A0A3251F249D003351C7 /* SurveyItem.swift in Sources */,
				3019A0B0251F39D4003351C7 /* HTTPClient.swift in Sources */,
				3035D5BA2523588E0033E2B5 /* SurveysStore.swift in Sources */,
				307EDF4F25202DA200F9D788 /* RemoteSurveyMapper.swift in Sources */,
				3035D5B8252358110033E2B5 /* LocalSurveysLoader.swift in Sources */,
				3019A0AE251F39C0003351C7 /* RemoteSurveyLoader.swift in Sources */,
				307EDF5A2521687300F9D788 /* URLSessionHTTPClient.swift in Sources */,
			);
			runOnlyForDeploymentPostprocessing = 0;
		};
		3019A08D251F21B2003351C7 /* Sources */ = {
			isa = PBXSourcesBuildPhase;
			buildActionMask = 2147483647;
			files = (
				3019A0AB251F2988003351C7 /* LoadSurveysFromRemoteUseCaseTests.swift in Sources */,
				307EDF55252079F600F9D788 /* URLSessionHTTPClientTests.swift in Sources */,
				305A4CED2522BBB60061FD61 /* CacheSurveysUseCaseTests.swift in Sources */,
				307EDF58252153E800F9D788 /* XCTestcase+MemoryLeakTracking.swift in Sources */,
			);
			runOnlyForDeploymentPostprocessing = 0;
		};
		307EDF5B2522249500F9D788 /* Sources */ = {
			isa = PBXSourcesBuildPhase;
			buildActionMask = 2147483647;
			files = (
				307EDF622522249500F9D788 /* Surveys_FeatureAPIEndToEndTests.swift in Sources */,
				307EDF6A2522315000F9D788 /* XCTestcase+MemoryLeakTracking.swift in Sources */,
			);
			runOnlyForDeploymentPostprocessing = 0;
		};
/* End PBXSourcesBuildPhase section */

/* Begin PBXTargetDependency section */
		3019A094251F21B2003351C7 /* PBXTargetDependency */ = {
			isa = PBXTargetDependency;
			target = 3019A087251F21B2003351C7 /* SurveysFeature */;
			targetProxy = 3019A093251F21B2003351C7 /* PBXContainerItemProxy */;
		};
		307EDF662522249500F9D788 /* PBXTargetDependency */ = {
			isa = PBXTargetDependency;
			target = 3019A087251F21B2003351C7 /* SurveysFeature */;
			targetProxy = 307EDF652522249500F9D788 /* PBXContainerItemProxy */;
		};
/* End PBXTargetDependency section */

/* Begin XCBuildConfiguration section */
		3019A09A251F21B2003351C7 /* Debug */ = {
			isa = XCBuildConfiguration;
			buildSettings = {
				ALWAYS_SEARCH_USER_PATHS = NO;
				CLANG_ANALYZER_NONNULL = YES;
				CLANG_ANALYZER_NUMBER_OBJECT_CONVERSION = YES_AGGRESSIVE;
				CLANG_CXX_LANGUAGE_STANDARD = "gnu++14";
				CLANG_CXX_LIBRARY = "libc++";
				CLANG_ENABLE_MODULES = YES;
				CLANG_ENABLE_OBJC_ARC = YES;
				CLANG_ENABLE_OBJC_WEAK = YES;
				CLANG_WARN_BLOCK_CAPTURE_AUTORELEASING = YES;
				CLANG_WARN_BOOL_CONVERSION = YES;
				CLANG_WARN_COMMA = YES;
				CLANG_WARN_CONSTANT_CONVERSION = YES;
				CLANG_WARN_DEPRECATED_OBJC_IMPLEMENTATIONS = YES;
				CLANG_WARN_DIRECT_OBJC_ISA_USAGE = YES_ERROR;
				CLANG_WARN_DOCUMENTATION_COMMENTS = YES;
				CLANG_WARN_EMPTY_BODY = YES;
				CLANG_WARN_ENUM_CONVERSION = YES;
				CLANG_WARN_INFINITE_RECURSION = YES;
				CLANG_WARN_INT_CONVERSION = YES;
				CLANG_WARN_NON_LITERAL_NULL_CONVERSION = YES;
				CLANG_WARN_OBJC_IMPLICIT_RETAIN_SELF = YES;
				CLANG_WARN_OBJC_LITERAL_CONVERSION = YES;
				CLANG_WARN_OBJC_ROOT_CLASS = YES_ERROR;
				CLANG_WARN_RANGE_LOOP_ANALYSIS = YES;
				CLANG_WARN_STRICT_PROTOTYPES = YES;
				CLANG_WARN_SUSPICIOUS_MOVE = YES;
				CLANG_WARN_UNGUARDED_AVAILABILITY = YES_AGGRESSIVE;
				CLANG_WARN_UNREACHABLE_CODE = YES;
				CLANG_WARN__DUPLICATE_METHOD_MATCH = YES;
				COPY_PHASE_STRIP = NO;
				CURRENT_PROJECT_VERSION = 1;
				DEBUG_INFORMATION_FORMAT = dwarf;
				ENABLE_STRICT_OBJC_MSGSEND = YES;
				ENABLE_TESTABILITY = YES;
				GCC_C_LANGUAGE_STANDARD = gnu11;
				GCC_DYNAMIC_NO_PIC = NO;
				GCC_NO_COMMON_BLOCKS = YES;
				GCC_OPTIMIZATION_LEVEL = 0;
				GCC_PREPROCESSOR_DEFINITIONS = (
					"DEBUG=1",
					"$(inherited)",
				);
				GCC_WARN_64_TO_32_BIT_CONVERSION = YES;
				GCC_WARN_ABOUT_RETURN_TYPE = YES_ERROR;
				GCC_WARN_UNDECLARED_SELECTOR = YES;
				GCC_WARN_UNINITIALIZED_AUTOS = YES_AGGRESSIVE;
				GCC_WARN_UNUSED_FUNCTION = YES;
				GCC_WARN_UNUSED_VARIABLE = YES;
				IPHONEOS_DEPLOYMENT_TARGET = 13.5;
				MTL_ENABLE_DEBUG_INFO = INCLUDE_SOURCE;
				MTL_FAST_MATH = YES;
				ONLY_ACTIVE_ARCH = YES;
				SDKROOT = iphoneos;
				SWIFT_ACTIVE_COMPILATION_CONDITIONS = DEBUG;
				SWIFT_OPTIMIZATION_LEVEL = "-Onone";
				VERSIONING_SYSTEM = "apple-generic";
				VERSION_INFO_PREFIX = "";
			};
			name = Debug;
		};
		3019A09B251F21B2003351C7 /* Release */ = {
			isa = XCBuildConfiguration;
			buildSettings = {
				ALWAYS_SEARCH_USER_PATHS = NO;
				CLANG_ANALYZER_NONNULL = YES;
				CLANG_ANALYZER_NUMBER_OBJECT_CONVERSION = YES_AGGRESSIVE;
				CLANG_CXX_LANGUAGE_STANDARD = "gnu++14";
				CLANG_CXX_LIBRARY = "libc++";
				CLANG_ENABLE_MODULES = YES;
				CLANG_ENABLE_OBJC_ARC = YES;
				CLANG_ENABLE_OBJC_WEAK = YES;
				CLANG_WARN_BLOCK_CAPTURE_AUTORELEASING = YES;
				CLANG_WARN_BOOL_CONVERSION = YES;
				CLANG_WARN_COMMA = YES;
				CLANG_WARN_CONSTANT_CONVERSION = YES;
				CLANG_WARN_DEPRECATED_OBJC_IMPLEMENTATIONS = YES;
				CLANG_WARN_DIRECT_OBJC_ISA_USAGE = YES_ERROR;
				CLANG_WARN_DOCUMENTATION_COMMENTS = YES;
				CLANG_WARN_EMPTY_BODY = YES;
				CLANG_WARN_ENUM_CONVERSION = YES;
				CLANG_WARN_INFINITE_RECURSION = YES;
				CLANG_WARN_INT_CONVERSION = YES;
				CLANG_WARN_NON_LITERAL_NULL_CONVERSION = YES;
				CLANG_WARN_OBJC_IMPLICIT_RETAIN_SELF = YES;
				CLANG_WARN_OBJC_LITERAL_CONVERSION = YES;
				CLANG_WARN_OBJC_ROOT_CLASS = YES_ERROR;
				CLANG_WARN_RANGE_LOOP_ANALYSIS = YES;
				CLANG_WARN_STRICT_PROTOTYPES = YES;
				CLANG_WARN_SUSPICIOUS_MOVE = YES;
				CLANG_WARN_UNGUARDED_AVAILABILITY = YES_AGGRESSIVE;
				CLANG_WARN_UNREACHABLE_CODE = YES;
				CLANG_WARN__DUPLICATE_METHOD_MATCH = YES;
				COPY_PHASE_STRIP = NO;
				CURRENT_PROJECT_VERSION = 1;
				DEBUG_INFORMATION_FORMAT = "dwarf-with-dsym";
				ENABLE_NS_ASSERTIONS = NO;
				ENABLE_STRICT_OBJC_MSGSEND = YES;
				GCC_C_LANGUAGE_STANDARD = gnu11;
				GCC_NO_COMMON_BLOCKS = YES;
				GCC_WARN_64_TO_32_BIT_CONVERSION = YES;
				GCC_WARN_ABOUT_RETURN_TYPE = YES_ERROR;
				GCC_WARN_UNDECLARED_SELECTOR = YES;
				GCC_WARN_UNINITIALIZED_AUTOS = YES_AGGRESSIVE;
				GCC_WARN_UNUSED_FUNCTION = YES;
				GCC_WARN_UNUSED_VARIABLE = YES;
				IPHONEOS_DEPLOYMENT_TARGET = 13.5;
				MTL_ENABLE_DEBUG_INFO = NO;
				MTL_FAST_MATH = YES;
				SDKROOT = iphoneos;
				SWIFT_COMPILATION_MODE = wholemodule;
				SWIFT_OPTIMIZATION_LEVEL = "-O";
				VALIDATE_PRODUCT = YES;
				VERSIONING_SYSTEM = "apple-generic";
				VERSION_INFO_PREFIX = "";
			};
			name = Release;
		};
		3019A09D251F21B2003351C7 /* Debug */ = {
			isa = XCBuildConfiguration;
			buildSettings = {
				CLANG_ENABLE_MODULES = YES;
				CODE_SIGN_IDENTITY = "Apple Development";
				CODE_SIGN_STYLE = Automatic;
				DEFINES_MODULE = YES;
				DEVELOPMENT_TEAM = 9TD674FJYT;
				DYLIB_COMPATIBILITY_VERSION = 1;
				DYLIB_CURRENT_VERSION = 1;
				DYLIB_INSTALL_NAME_BASE = "@rpath";
				INFOPLIST_FILE = "Surveys Feature/Info.plist";
				INSTALL_PATH = "$(LOCAL_LIBRARY_DIR)/Frameworks";
				LD_RUNPATH_SEARCH_PATHS = (
					"$(inherited)",
					"@executable_path/Frameworks",
					"@loader_path/Frameworks",
				);
				PRODUCT_BUNDLE_IDENTIFIER = "duybui.iosDeveloper.Surveys-Feature";
				PRODUCT_NAME = "$(TARGET_NAME:c99extidentifier)";
				SKIP_INSTALL = YES;
				SWIFT_OPTIMIZATION_LEVEL = "-Onone";
				SWIFT_VERSION = 5.0;
				TARGETED_DEVICE_FAMILY = "1,2";
			};
			name = Debug;
		};
		3019A09E251F21B2003351C7 /* Release */ = {
			isa = XCBuildConfiguration;
			buildSettings = {
				CLANG_ENABLE_MODULES = YES;
				CODE_SIGN_IDENTITY = "Apple Development";
				CODE_SIGN_STYLE = Automatic;
				DEFINES_MODULE = YES;
				DEVELOPMENT_TEAM = 9TD674FJYT;
				DYLIB_COMPATIBILITY_VERSION = 1;
				DYLIB_CURRENT_VERSION = 1;
				DYLIB_INSTALL_NAME_BASE = "@rpath";
				INFOPLIST_FILE = "Surveys Feature/Info.plist";
				INSTALL_PATH = "$(LOCAL_LIBRARY_DIR)/Frameworks";
				LD_RUNPATH_SEARCH_PATHS = (
					"$(inherited)",
					"@executable_path/Frameworks",
					"@loader_path/Frameworks",
				);
				PRODUCT_BUNDLE_IDENTIFIER = "duybui.iosDeveloper.Surveys-Feature";
				PRODUCT_NAME = "$(TARGET_NAME:c99extidentifier)";
				SKIP_INSTALL = YES;
				SWIFT_VERSION = 5.0;
				TARGETED_DEVICE_FAMILY = "1,2";
			};
			name = Release;
		};
		3019A0A0251F21B2003351C7 /* Debug */ = {
			isa = XCBuildConfiguration;
			buildSettings = {
				ALWAYS_EMBED_SWIFT_STANDARD_LIBRARIES = YES;
				CLANG_ENABLE_MODULES = YES;
				CODE_SIGN_STYLE = Automatic;
				DEVELOPMENT_TEAM = 9TD674FJYT;
				INFOPLIST_FILE = "Surveys FeatureTests/Info.plist";
				LD_RUNPATH_SEARCH_PATHS = (
					"$(inherited)",
					"@executable_path/Frameworks",
					"@loader_path/Frameworks",
				);
				PRODUCT_BUNDLE_IDENTIFIER = "duybui.iosDeveloper.Surveys-FeatureTests";
				PRODUCT_NAME = "$(TARGET_NAME)";
				SWIFT_OBJC_BRIDGING_HEADER = "Surveys FeatureTests/Surveys FeatureTests-Bridging-Header.h";
				SWIFT_OPTIMIZATION_LEVEL = "-Onone";
				SWIFT_VERSION = 5.0;
				TARGETED_DEVICE_FAMILY = "1,2";
			};
			name = Debug;
		};
		3019A0A1251F21B2003351C7 /* Release */ = {
			isa = XCBuildConfiguration;
			buildSettings = {
				ALWAYS_EMBED_SWIFT_STANDARD_LIBRARIES = YES;
				CLANG_ENABLE_MODULES = YES;
				CODE_SIGN_STYLE = Automatic;
				DEVELOPMENT_TEAM = 9TD674FJYT;
				INFOPLIST_FILE = "Surveys FeatureTests/Info.plist";
				LD_RUNPATH_SEARCH_PATHS = (
					"$(inherited)",
					"@executable_path/Frameworks",
					"@loader_path/Frameworks",
				);
				PRODUCT_BUNDLE_IDENTIFIER = "duybui.iosDeveloper.Surveys-FeatureTests";
				PRODUCT_NAME = "$(TARGET_NAME)";
				SWIFT_OBJC_BRIDGING_HEADER = "Surveys FeatureTests/Surveys FeatureTests-Bridging-Header.h";
				SWIFT_VERSION = 5.0;
				TARGETED_DEVICE_FAMILY = "1,2";
			};
			name = Release;
		};
		307EDF672522249500F9D788 /* Debug */ = {
			isa = XCBuildConfiguration;
			buildSettings = {
				CODE_SIGN_STYLE = Automatic;
				DEVELOPMENT_TEAM = 9TD674FJYT;
				INFOPLIST_FILE = Surveys_FeatureAPIEndToEndTests/Info.plist;
				LD_RUNPATH_SEARCH_PATHS = (
					"$(inherited)",
					"@executable_path/Frameworks",
					"@loader_path/Frameworks",
				);
				PRODUCT_BUNDLE_IDENTIFIER = "duybui.iosDeveloper.Surveys-FeatureAPIEndToEndTests";
				PRODUCT_NAME = "$(TARGET_NAME)";
				SWIFT_VERSION = 5.0;
				TARGETED_DEVICE_FAMILY = "1,2";
			};
			name = Debug;
		};
		307EDF682522249500F9D788 /* Release */ = {
			isa = XCBuildConfiguration;
			buildSettings = {
				CODE_SIGN_STYLE = Automatic;
				DEVELOPMENT_TEAM = 9TD674FJYT;
				INFOPLIST_FILE = Surveys_FeatureAPIEndToEndTests/Info.plist;
				LD_RUNPATH_SEARCH_PATHS = (
					"$(inherited)",
					"@executable_path/Frameworks",
					"@loader_path/Frameworks",
				);
				PRODUCT_BUNDLE_IDENTIFIER = "duybui.iosDeveloper.Surveys-FeatureAPIEndToEndTests";
				PRODUCT_NAME = "$(TARGET_NAME)";
				SWIFT_VERSION = 5.0;
				TARGETED_DEVICE_FAMILY = "1,2";
			};
			name = Release;
		};
/* End XCBuildConfiguration section */

/* Begin XCConfigurationList section */
		3019A082251F21B2003351C7 /* Build configuration list for PBXProject "SurveysFeature" */ = {
			isa = XCConfigurationList;
			buildConfigurations = (
				3019A09A251F21B2003351C7 /* Debug */,
				3019A09B251F21B2003351C7 /* Release */,
			);
			defaultConfigurationIsVisible = 0;
			defaultConfigurationName = Release;
		};
		3019A09C251F21B2003351C7 /* Build configuration list for PBXNativeTarget "SurveysFeature" */ = {
			isa = XCConfigurationList;
			buildConfigurations = (
				3019A09D251F21B2003351C7 /* Debug */,
				3019A09E251F21B2003351C7 /* Release */,
			);
			defaultConfigurationIsVisible = 0;
			defaultConfigurationName = Release;
		};
		3019A09F251F21B2003351C7 /* Build configuration list for PBXNativeTarget "SurveysFeatureTests" */ = {
			isa = XCConfigurationList;
			buildConfigurations = (
				3019A0A0251F21B2003351C7 /* Debug */,
				3019A0A1251F21B2003351C7 /* Release */,
			);
			defaultConfigurationIsVisible = 0;
			defaultConfigurationName = Release;
		};
		307EDF692522249500F9D788 /* Build configuration list for PBXNativeTarget "Surveys_FeatureAPIEndToEndTests" */ = {
			isa = XCConfigurationList;
			buildConfigurations = (
				307EDF672522249500F9D788 /* Debug */,
				307EDF682522249500F9D788 /* Release */,
			);
			defaultConfigurationIsVisible = 0;
			defaultConfigurationName = Release;
		};
/* End XCConfigurationList section */
	};
	rootObject = 3019A07F251F21B2003351C7 /* Project object */;
}
